
Microsoft Visual Studio Solution File, Format Version 12.00
# Visual Studio 15
VisualStudioVersion = 15.0.27004.2010
MinimumVisualStudioVersion = 10.0.40219.1
Project("{FAE04EC0-301F-11D3-BF4B-00C04F79EFBC}") = "DictionaryCollection", "DictionaryCollection\DictionaryCollection.csproj", "{F62C1E79-CBB3-45F2-968A-958F83F1C3D2}"
EndProject
Project("{FAE04EC0-301F-11D3-BF4B-00C04F79EFBC}") = "GenericCollections", "GenericCollections\GenericCollections.csproj", "{533FCE07-9775-432F-8818-5931D94F84E2}"
EndProject
Project("{FAE04EC0-301F-11D3-BF4B-00C04F79EFBC}") = "SequentialCollections", "SequentialCollections\SequentialCollections.csproj", "{0618D194-DEDE-4911-8F74-B4ABA51D8EE7}"
EndProject
Project("{FAE04EC0-301F-11D3-BF4B-00C04F79EFBC}") = "LookupCollections", "LookupCollections\LookupCollections.csproj", "{7AD1130B-06A6-46E5-92C8-B7A1F14F9B45}"
EndProject
Global
	GlobalSection(SolutionConfigurationPlatforms) = preSolution
		Debug|Any CPU = Debug|Any CPU
		Release|Any CPU = Release|Any CPU
	EndGlobalSection
	GlobalSection(ProjectConfigurationPlatforms) = postSolution
		{F62C1E79-CBB3-45F2-968A-958F83F1C3D2}.Debug|Any CPU.ActiveCfg = Debug|Any CPU
		{F62C1E79-CBB3-45F2-968A-958F83F1C3D2}.Debug|Any CPU.Build.0 = Debug|Any CPU
		{F62C1E79-CBB3-45F2-968A-958F83F1C3D2}.Release|Any CPU.ActiveCfg = Release|Any CPU
		{F62C1E79-CBB3-45F2-968A-958F83F1C3D2}.Release|Any CPU.Build.0 = Release|Any CPU
		{533FCE07-9775-432F-8818-5931D94F84E2}.Debug|Any CPU.ActiveCfg = Debug|Any CPU
		{533FCE07-9775-432F-8818-5931D94F84E2}.Debug|Any CPU.Build.0 = Debug|Any CPU
		{533FCE07-9775-432F-8818-5931D94F84E2}.Release|Any CPU.ActiveCfg = Release|Any CPU
		{533FCE07-9775-432F-8818-5931D94F84E2}.Release|Any CPU.Build.0 = Release|Any CPU
		{0618D194-DEDE-4911-8F74-B4ABA51D8EE7}.Debug|Any CPU.ActiveCfg = Debug|Any CPU
		{0618D194-DEDE-4911-8F74-B4ABA51D8EE7}.Debug|Any CPU.Build.0 = Debug|Any CPU
		{0618D194-DEDE-4911-8F74-B4ABA51D8EE7}.Release|Any CPU.ActiveCfg = Release|Any CPU
		{0618D194-DEDE-4911-8F74-B4ABA51D8EE7}.Release|Any CPU.Build.0 = Release|Any CPU
		{7AD1130B-06A6-46E5-92C8-B7A1F14F9B45}.Debug|Any CPU.ActiveCfg = Debug|Any CPU
		{7AD1130B-06A6-46E5-92C8-B7A1F14F9B45}.Debug|Any CPU.Build.0 = Debug|Any CPU
		{7AD1130B-06A6-46E5-92C8-B7A1F14F9B45}.Release|Any CPU.ActiveCfg = Release|Any CPU
		{7AD1130B-06A6-46E5-92C8-B7A1F14F9B45}.Release|Any CPU.Build.0 = Release|Any CPU
	EndGlobalSection
	GlobalSection(SolutionProperties) = preSolution
		HideSolutionNode = FALSE
	EndGlobalSection
	GlobalSection(ExtensibilityGlobals) = postSolution
		SolutionGuid = {702DDE13-CD17-4F2C-8B98-8CEE9D5AE1F6}
	EndGlobalSection
EndGlobal
