
Microsoft Visual Studio Solution File, Format Version 12.00
# Visual Studio 15
VisualStudioVersion = 15.0.27004.2010
MinimumVisualStudioVersion = 10.0.40219.1
Project("{FAE04EC0-301F-11D3-BF4B-00C04F79EFBC}") = "ThreadingSummary", "ThreadingSummary\ThreadingSummary.csproj", "{202983A9-AE2E-47C0-AC15-43C7EFD476EE}"
EndProject
Project("{FAE04EC0-301F-11D3-BF4B-00C04F79EFBC}") = "SerializationSummary", "SerializationSummary\SerializationSummary.csproj", "{8CD79461-3AAA-48B8-B56A-6964EA579404}"
EndProject
Project("{FAE04EC0-301F-11D3-BF4B-00C04F79EFBC}") = "RegularExpressionDemo", "RegularExpressionDemo\RegularExpressionDemo.csproj", "{956E8EBB-ED97-4B3F-84B9-CEB414C440EB}"
EndProject
Global
	GlobalSection(SolutionConfigurationPlatforms) = preSolution
		Debug|Any CPU = Debug|Any CPU
		Release|Any CPU = Release|Any CPU
	EndGlobalSection
	GlobalSection(ProjectConfigurationPlatforms) = postSolution
		{202983A9-AE2E-47C0-AC15-43C7EFD476EE}.Debug|Any CPU.ActiveCfg = Debug|Any CPU
		{202983A9-AE2E-47C0-AC15-43C7EFD476EE}.Debug|Any CPU.Build.0 = Debug|Any CPU
		{202983A9-AE2E-47C0-AC15-43C7EFD476EE}.Release|Any CPU.ActiveCfg = Release|Any CPU
		{202983A9-AE2E-47C0-AC15-43C7EFD476EE}.Release|Any CPU.Build.0 = Release|Any CPU
		{8CD79461-3AAA-48B8-B56A-6964EA579404}.Debug|Any CPU.ActiveCfg = Debug|Any CPU
		{8CD79461-3AAA-48B8-B56A-6964EA579404}.Debug|Any CPU.Build.0 = Debug|Any CPU
		{8CD79461-3AAA-48B8-B56A-6964EA579404}.Release|Any CPU.ActiveCfg = Release|Any CPU
		{8CD79461-3AAA-48B8-B56A-6964EA579404}.Release|Any CPU.Build.0 = Release|Any CPU
		{956E8EBB-ED97-4B3F-84B9-CEB414C440EB}.Debug|Any CPU.ActiveCfg = Debug|Any CPU
		{956E8EBB-ED97-4B3F-84B9-CEB414C440EB}.Debug|Any CPU.Build.0 = Debug|Any CPU
		{956E8EBB-ED97-4B3F-84B9-CEB414C440EB}.Release|Any CPU.ActiveCfg = Release|Any CPU
		{956E8EBB-ED97-4B3F-84B9-CEB414C440EB}.Release|Any CPU.Build.0 = Release|Any CPU
	EndGlobalSection
	GlobalSection(SolutionProperties) = preSolution
		HideSolutionNode = FALSE
	EndGlobalSection
	GlobalSection(ExtensibilityGlobals) = postSolution
		SolutionGuid = {37EBFFF3-C7C1-4510-8798-52E366297048}
	EndGlobalSection
EndGlobal
